// !$*UTF8*$!
{
	archiveVersion = 1;
	classes = {
	};
	objectVersion = 56;
	objects = {

/* Begin PBXBuildFile section */
		4E9546E62C9BDFA50047E7A9 /* AppDelegate.swift in Sources */ = {isa = PBXBuildFile; fileRef = 4E9546E52C9BDFA50047E7A9 /* AppDelegate.swift */; };
		4E9546E82C9BDFA50047E7A9 /* SceneDelegate.swift in Sources */ = {isa = PBXBuildFile; fileRef = 4E9546E72C9BDFA50047E7A9 /* SceneDelegate.swift */; };
		4E9546EA2C9BDFA50047E7A9 /* ViewController.swift in Sources */ = {isa = PBXBuildFile; fileRef = 4E9546E92C9BDFA50047E7A9 /* ViewController.swift */; };
		4E9546ED2C9BDFA50047E7A9 /* Main.storyboard in Resources */ = {isa = PBXBuildFile; fileRef = 4E9546EB2C9BDFA50047E7A9 /* Main.storyboard */; };
		4E9546EF2C9BDFA60047E7A9 /* Assets.xcassets in Resources */ = {isa = PBXBuildFile; fileRef = 4E9546EE2C9BDFA60047E7A9 /* Assets.xcassets */; };
		4E9546F22C9BDFA60047E7A9 /* LaunchScreen.storyboard in Resources */ = {isa = PBXBuildFile; fileRef = 4E9546F02C9BDFA60047E7A9 /* LaunchScreen.storyboard */; };
		4E9546FD2C9BDFA60047E7A9 /* NetworkingTestTests.swift in Sources */ = {isa = PBXBuildFile; fileRef = 4E9546FC2C9BDFA60047E7A9 /* NetworkingTestTests.swift */; };
		4E9547072C9BDFA60047E7A9 /* NetworkingTestUITests.swift in Sources */ = {isa = PBXBuildFile; fileRef = 4E9547062C9BDFA60047E7A9 /* NetworkingTestUITests.swift */; };
		4E9547092C9BDFA60047E7A9 /* NetworkingTestUITestsLaunchTests.swift in Sources */ = {isa = PBXBuildFile; fileRef = 4E9547082C9BDFA60047E7A9 /* NetworkingTestUITestsLaunchTests.swift */; };
		4E9547162C9BE2110047E7A9 /* User.swift in Sources */ = {isa = PBXBuildFile; fileRef = 4E9547152C9BE2110047E7A9 /* User.swift */; };
		4E9547182C9BE4040047E7A9 /* UserListResponse.swift in Sources */ = {isa = PBXBuildFile; fileRef = 4E9547172C9BE4040047E7A9 /* UserListResponse.swift */; };
		4E95471A2C9BE54A0047E7A9 /* NetworkManager.swift in Sources */ = {isa = PBXBuildFile; fileRef = 4E9547192C9BE54A0047E7A9 /* NetworkManager.swift */; };
		4E95471D2C9BE62B0047E7A9 /* UserAPI.swift in Sources */ = {isa = PBXBuildFile; fileRef = 4E95471C2C9BE62B0047E7A9 /* UserAPI.swift */; };
		4E95471F2C9BE77C0047E7A9 /* URLRequest+Extensions.swift in Sources */ = {isa = PBXBuildFile; fileRef = 4E95471E2C9BE77C0047E7A9 /* URLRequest+Extensions.swift */; };
		4E9547212C9BEB7B0047E7A9 /* DataProvider.swift in Sources */ = {isa = PBXBuildFile; fileRef = 4E9547202C9BEB7B0047E7A9 /* DataProvider.swift */; };
		4E9547232C9BEECE0047E7A9 /* ViewModel.swift in Sources */ = {isa = PBXBuildFile; fileRef = 4E9547222C9BEECE0047E7A9 /* ViewModel.swift */; };
/* End PBXBuildFile section */

/* Begin PBXContainerItemProxy section */
		4E9546F92C9BDFA60047E7A9 /* PBXContainerItemProxy */ = {
			isa = PBXContainerItemProxy;
			containerPortal = 4E9546DA2C9BDFA50047E7A9 /* Project object */;
			proxyType = 1;
			remoteGlobalIDString = 4E9546E12C9BDFA50047E7A9;
			remoteInfo = NetworkingTest;
		};
		4E9547032C9BDFA60047E7A9 /* PBXContainerItemProxy */ = {
			isa = PBXContainerItemProxy;
			containerPortal = 4E9546DA2C9BDFA50047E7A9 /* Project object */;
			proxyType = 1;
			remoteGlobalIDString = 4E9546E12C9BDFA50047E7A9;
			remoteInfo = NetworkingTest;
		};
/* End PBXContainerItemProxy section */

/* Begin PBXFileReference section */
		4E9546E22C9BDFA50047E7A9 /* NetworkingTest.app */ = {isa = PBXFileReference; explicitFileType = wrapper.application; includeInIndex = 0; path = NetworkingTest.app; sourceTree = BUILT_PRODUCTS_DIR; };
		4E9546E52C9BDFA50047E7A9 /* AppDelegate.swift */ = {isa = PBXFileReference; lastKnownFileType = sourcecode.swift; path = AppDelegate.swift; sourceTree = "<group>"; };
		4E9546E72C9BDFA50047E7A9 /* SceneDelegate.swift */ = {isa = PBXFileReference; lastKnownFileType = sourcecode.swift; path = SceneDelegate.swift; sourceTree = "<group>"; };
		4E9546E92C9BDFA50047E7A9 /* ViewController.swift */ = {isa = PBXFileReference; lastKnownFileType = sourcecode.swift; path = ViewController.swift; sourceTree = "<group>"; };
		4E9546EC2C9BDFA50047E7A9 /* Base */ = {isa = PBXFileReference; lastKnownFileType = file.storyboard; name = Base; path = Base.lproj/Main.storyboard; sourceTree = "<group>"; };
		4E9546EE2C9BDFA60047E7A9 /* Assets.xcassets */ = {isa = PBXFileReference; lastKnownFileType = folder.assetcatalog; path = Assets.xcassets; sourceTree = "<group>"; };
		4E9546F12C9BDFA60047E7A9 /* Base */ = {isa = PBXFileReference; lastKnownFileType = file.storyboard; name = Base; path = Base.lproj/LaunchScreen.storyboard; sourceTree = "<group>"; };
		4E9546F32C9BDFA60047E7A9 /* Info.plist */ = {isa = PBXFileReference; lastKnownFileType = text.plist.xml; path = Info.plist; sourceTree = "<group>"; };
		4E9546F82C9BDFA60047E7A9 /* NetworkingTestTests.xctest */ = {isa = PBXFileReference; explicitFileType = wrapper.cfbundle; includeInIndex = 0; path = NetworkingTestTests.xctest; sourceTree = BUILT_PRODUCTS_DIR; };
		4E9546FC2C9BDFA60047E7A9 /* NetworkingTestTests.swift */ = {isa = PBXFileReference; lastKnownFileType = sourcecode.swift; path = NetworkingTestTests.swift; sourceTree = "<group>"; };
		4E9547022C9BDFA60047E7A9 /* NetworkingTestUITests.xctest */ = {isa = PBXFileReference; explicitFileType = wrapper.cfbundle; includeInIndex = 0; path = NetworkingTestUITests.xctest; sourceTree = BUILT_PRODUCTS_DIR; };
		4E9547062C9BDFA60047E7A9 /* NetworkingTestUITests.swift */ = {isa = PBXFileReference; lastKnownFileType = sourcecode.swift; path = NetworkingTestUITests.swift; sourceTree = "<group>"; };
		4E9547082C9BDFA60047E7A9 /* NetworkingTestUITestsLaunchTests.swift */ = {isa = PBXFileReference; lastKnownFileType = sourcecode.swift; path = NetworkingTestUITestsLaunchTests.swift; sourceTree = "<group>"; };
		4E9547152C9BE2110047E7A9 /* User.swift */ = {isa = PBXFileReference; lastKnownFileType = sourcecode.swift; path = User.swift; sourceTree = "<group>"; };
		4E9547172C9BE4040047E7A9 /* UserListResponse.swift */ = {isa = PBXFileReference; lastKnownFileType = sourcecode.swift; path = UserListResponse.swift; sourceTree = "<group>"; };
		4E9547192C9BE54A0047E7A9 /* NetworkManager.swift */ = {isa = PBXFileReference; lastKnownFileType = sourcecode.swift; path = NetworkManager.swift; sourceTree = "<group>"; };
		4E95471C2C9BE62B0047E7A9 /* UserAPI.swift */ = {isa = PBXFileReference; lastKnownFileType = sourcecode.swift; path = UserAPI.swift; sourceTree = "<group>"; };
		4E95471E2C9BE77C0047E7A9 /* URLRequest+Extensions.swift */ = {isa = PBXFileReference; lastKnownFileType = sourcecode.swift; path = "URLRequest+Extensions.swift"; sourceTree = "<group>"; };
		4E9547202C9BEB7B0047E7A9 /* DataProvider.swift */ = {isa = PBXFileReference; lastKnownFileType = sourcecode.swift; path = DataProvider.swift; sourceTree = "<group>"; };
		4E9547222C9BEECE0047E7A9 /* ViewModel.swift */ = {isa = PBXFileReference; lastKnownFileType = sourcecode.swift; path = ViewModel.swift; sourceTree = "<group>"; };
/* End PBXFileReference section */

/* Begin PBXFrameworksBuildPhase section */
		4E9546DF2C9BDFA50047E7A9 /* Frameworks */ = {
			isa = PBXFrameworksBuildPhase;
			buildActionMask = 2147483647;
			files = (
			);
			runOnlyForDeploymentPostprocessing = 0;
		};
		4E9546F52C9BDFA60047E7A9 /* Frameworks */ = {
			isa = PBXFrameworksBuildPhase;
			buildActionMask = 2147483647;
			files = (
			);
			runOnlyForDeploymentPostprocessing = 0;
		};
		4E9546FF2C9BDFA60047E7A9 /* Frameworks */ = {
			isa = PBXFrameworksBuildPhase;
			buildActionMask = 2147483647;
			files = (
			);
			runOnlyForDeploymentPostprocessing = 0;
		};
/* End PBXFrameworksBuildPhase section */

/* Begin PBXGroup section */
		4E9546D92C9BDFA50047E7A9 = {
			isa = PBXGroup;
			children = (
				4E9546E42C9BDFA50047E7A9 /* NetworkingTest */,
				4E9546FB2C9BDFA60047E7A9 /* NetworkingTestTests */,
				4E9547052C9BDFA60047E7A9 /* NetworkingTestUITests */,
				4E9546E32C9BDFA50047E7A9 /* Products */,
			);
			sourceTree = "<group>";
		};
		4E9546E32C9BDFA50047E7A9 /* Products */ = {
			isa = PBXGroup;
			children = (
				4E9546E22C9BDFA50047E7A9 /* NetworkingTest.app */,
				4E9546F82C9BDFA60047E7A9 /* NetworkingTestTests.xctest */,
				4E9547022C9BDFA60047E7A9 /* NetworkingTestUITests.xctest */,
			);
			name = Products;
			sourceTree = "<group>";
		};
		4E9546E42C9BDFA50047E7A9 /* NetworkingTest */ = {
			isa = PBXGroup;
			children = (
				4E95471B2C9BE6200047E7A9 /* API */,
				4E9546E52C9BDFA50047E7A9 /* AppDelegate.swift */,
				4E9546E72C9BDFA50047E7A9 /* SceneDelegate.swift */,
				4E9546E92C9BDFA50047E7A9 /* ViewController.swift */,
				4E9546EB2C9BDFA50047E7A9 /* Main.storyboard */,
				4E9546EE2C9BDFA60047E7A9 /* Assets.xcassets */,
				4E9546F02C9BDFA60047E7A9 /* LaunchScreen.storyboard */,
				4E9546F32C9BDFA60047E7A9 /* Info.plist */,
				4E9547152C9BE2110047E7A9 /* User.swift */,
				4E9547172C9BE4040047E7A9 /* UserListResponse.swift */,
				4E9547192C9BE54A0047E7A9 /* NetworkManager.swift */,
				4E95471E2C9BE77C0047E7A9 /* URLRequest+Extensions.swift */,
				4E9547222C9BEECE0047E7A9 /* ViewModel.swift */,
			);
			path = NetworkingTest;
			sourceTree = "<group>";
		};
		4E9546FB2C9BDFA60047E7A9 /* NetworkingTestTests */ = {
			isa = PBXGroup;
			children = (
				4E9546FC2C9BDFA60047E7A9 /* NetworkingTestTests.swift */,
			);
			path = NetworkingTestTests;
			sourceTree = "<group>";
		};
		4E9547052C9BDFA60047E7A9 /* NetworkingTestUITests */ = {
			isa = PBXGroup;
			children = (
				4E9547062C9BDFA60047E7A9 /* NetworkingTestUITests.swift */,
				4E9547082C9BDFA60047E7A9 /* NetworkingTestUITestsLaunchTests.swift */,
			);
			path = NetworkingTestUITests;
			sourceTree = "<group>";
		};
		4E95471B2C9BE6200047E7A9 /* API */ = {
			isa = PBXGroup;
			children = (
				4E95471C2C9BE62B0047E7A9 /* UserAPI.swift */,
				4E9547202C9BEB7B0047E7A9 /* DataProvider.swift */,
			);
			path = API;
			sourceTree = "<group>";
		};
/* End PBXGroup section */

/* Begin PBXNativeTarget section */
		4E9546E12C9BDFA50047E7A9 /* NetworkingTest */ = {
			isa = PBXNativeTarget;
			buildConfigurationList = 4E95470C2C9BDFA60047E7A9 /* Build configuration list for PBXNativeTarget "NetworkingTest" */;
			buildPhases = (
				4E9546DE2C9BDFA50047E7A9 /* Sources */,
				4E9546DF2C9BDFA50047E7A9 /* Frameworks */,
				4E9546E02C9BDFA50047E7A9 /* Resources */,
			);
			buildRules = (
			);
			dependencies = (
			);
			name = NetworkingTest;
			productName = NetworkingTest;
			productReference = 4E9546E22C9BDFA50047E7A9 /* NetworkingTest.app */;
			productType = "com.apple.product-type.application";
		};
		4E9546F72C9BDFA60047E7A9 /* NetworkingTestTests */ = {
			isa = PBXNativeTarget;
			buildConfigurationList = 4E95470F2C9BDFA60047E7A9 /* Build configuration list for PBXNativeTarget "NetworkingTestTests" */;
			buildPhases = (
				4E9546F42C9BDFA60047E7A9 /* Sources */,
				4E9546F52C9BDFA60047E7A9 /* Frameworks */,
				4E9546F62C9BDFA60047E7A9 /* Resources */,
			);
			buildRules = (
			);
			dependencies = (
				4E9546FA2C9BDFA60047E7A9 /* PBXTargetDependency */,
			);
			name = NetworkingTestTests;
			productName = NetworkingTestTests;
			productReference = 4E9546F82C9BDFA60047E7A9 /* NetworkingTestTests.xctest */;
			productType = "com.apple.product-type.bundle.unit-test";
		};
		4E9547012C9BDFA60047E7A9 /* NetworkingTestUITests */ = {
			isa = PBXNativeTarget;
			buildConfigurationList = 4E9547122C9BDFA60047E7A9 /* Build configuration list for PBXNativeTarget "NetworkingTestUITests" */;
			buildPhases = (
				4E9546FE2C9BDFA60047E7A9 /* Sources */,
				4E9546FF2C9BDFA60047E7A9 /* Frameworks */,
				4E9547002C9BDFA60047E7A9 /* Resources */,
			);
			buildRules = (
			);
			dependencies = (
				4E9547042C9BDFA60047E7A9 /* PBXTargetDependency */,
			);
			name = NetworkingTestUITests;
			productName = NetworkingTestUITests;
			productReference = 4E9547022C9BDFA60047E7A9 /* NetworkingTestUITests.xctest */;
			productType = "com.apple.product-type.bundle.ui-testing";
		};
/* End PBXNativeTarget section */

/* Begin PBXProject section */
		4E9546DA2C9BDFA50047E7A9 /* Project object */ = {
			isa = PBXProject;
			attributes = {
				BuildIndependentTargetsInParallel = 1;
				LastSwiftUpdateCheck = 1420;
				LastUpgradeCheck = 1420;
				TargetAttributes = {
					4E9546E12C9BDFA50047E7A9 = {
						CreatedOnToolsVersion = 14.2;
					};
					4E9546F72C9BDFA60047E7A9 = {
						CreatedOnToolsVersion = 14.2;
						TestTargetID = 4E9546E12C9BDFA50047E7A9;
					};
					4E9547012C9BDFA60047E7A9 = {
						CreatedOnToolsVersion = 14.2;
						TestTargetID = 4E9546E12C9BDFA50047E7A9;
					};
				};
			};
			buildConfigurationList = 4E9546DD2C9BDFA50047E7A9 /* Build configuration list for PBXProject "NetworkingTest" */;
			compatibilityVersion = "Xcode 14.0";
			developmentRegion = en;
			hasScannedForEncodings = 0;
			knownRegions = (
				en,
				Base,
			);
			mainGroup = 4E9546D92C9BDFA50047E7A9;
			productRefGroup = 4E9546E32C9BDFA50047E7A9 /* Products */;
			projectDirPath = "";
			projectRoot = "";
			targets = (
				4E9546E12C9BDFA50047E7A9 /* NetworkingTest */,
				4E9546F72C9BDFA60047E7A9 /* NetworkingTestTests */,
				4E9547012C9BDFA60047E7A9 /* NetworkingTestUITests */,
			);
		};
/* End PBXProject section */

/* Begin PBXResourcesBuildPhase section */
		4E9546E02C9BDFA50047E7A9 /* Resources */ = {
			isa = PBXResourcesBuildPhase;
			buildActionMask = 2147483647;
			files = (
				4E9546F22C9BDFA60047E7A9 /* LaunchScreen.storyboard in Resources */,
				4E9546EF2C9BDFA60047E7A9 /* Assets.xcassets in Resources */,
				4E9546ED2C9BDFA50047E7A9 /* Main.storyboard in Resources */,
			);
			runOnlyForDeploymentPostprocessing = 0;
		};
		4E9546F62C9BDFA60047E7A9 /* Resources */ = {
			isa = PBXResourcesBuildPhase;
			buildActionMask = 2147483647;
			files = (
			);
			runOnlyForDeploymentPostprocessing = 0;
		};
		4E9547002C9BDFA60047E7A9 /* Resources */ = {
			isa = PBXResourcesBuildPhase;
			buildActionMask = 2147483647;
			files = (
			);
			runOnlyForDeploymentPostprocessing = 0;
		};
/* End PBXResourcesBuildPhase section */

/* Begin PBXSourcesBuildPhase section */
		4E9546DE2C9BDFA50047E7A9 /* Sources */ = {
			isa = PBXSourcesBuildPhase;
			buildActionMask = 2147483647;
			files = (
				4E9547232C9BEECE0047E7A9 /* ViewModel.swift in Sources */,
				4E95471A2C9BE54A0047E7A9 /* NetworkManager.swift in Sources */,
				4E9547182C9BE4040047E7A9 /* UserListResponse.swift in Sources */,
				4E9546EA2C9BDFA50047E7A9 /* ViewController.swift in Sources */,
				4E9547162C9BE2110047E7A9 /* User.swift in Sources */,
				4E9546E62C9BDFA50047E7A9 /* AppDelegate.swift in Sources */,
				4E9546E82C9BDFA50047E7A9 /* SceneDelegate.swift in Sources */,
				4E9547212C9BEB7B0047E7A9 /* DataProvider.swift in Sources */,
				4E95471D2C9BE62B0047E7A9 /* UserAPI.swift in Sources */,
				4E95471F2C9BE77C0047E7A9 /* URLRequest+Extensions.swift in Sources */,
			);
			runOnlyForDeploymentPostprocessing = 0;
		};
		4E9546F42C9BDFA60047E7A9 /* Sources */ = {
			isa = PBXSourcesBuildPhase;
			buildActionMask = 2147483647;
			files = (
				4E9546FD2C9BDFA60047E7A9 /* NetworkingTestTests.swift in Sources */,
			);
			runOnlyForDeploymentPostprocessing = 0;
		};
		4E9546FE2C9BDFA60047E7A9 /* Sources */ = {
			isa = PBXSourcesBuildPhase;
			buildActionMask = 2147483647;
			files = (
				4E9547092C9BDFA60047E7A9 /* NetworkingTestUITestsLaunchTests.swift in Sources */,
				4E9547072C9BDFA60047E7A9 /* NetworkingTestUITests.swift in Sources */,
			);
			runOnlyForDeploymentPostprocessing = 0;
		};
/* End PBXSourcesBuildPhase section */

/* Begin PBXTargetDependency section */
		4E9546FA2C9BDFA60047E7A9 /* PBXTargetDependency */ = {
			isa = PBXTargetDependency;
			target = 4E9546E12C9BDFA50047E7A9 /* NetworkingTest */;
			targetProxy = 4E9546F92C9BDFA60047E7A9 /* PBXContainerItemProxy */;
		};
		4E9547042C9BDFA60047E7A9 /* PBXTargetDependency */ = {
			isa = PBXTargetDependency;
			target = 4E9546E12C9BDFA50047E7A9 /* NetworkingTest */;
			targetProxy = 4E9547032C9BDFA60047E7A9 /* PBXContainerItemProxy */;
		};
/* End PBXTargetDependency section */

/* Begin PBXVariantGroup section */
		4E9546EB2C9BDFA50047E7A9 /* Main.storyboard */ = {
			isa = PBXVariantGroup;
			children = (
				4E9546EC2C9BDFA50047E7A9 /* Base */,
			);
			name = Main.storyboard;
			sourceTree = "<group>";
		};
		4E9546F02C9BDFA60047E7A9 /* LaunchScreen.storyboard */ = {
			isa = PBXVariantGroup;
			children = (
				4E9546F12C9BDFA60047E7A9 /* Base */,
			);
			name = LaunchScreen.storyboard;
			sourceTree = "<group>";
		};
/* End PBXVariantGroup section */

/* Begin XCBuildConfiguration section */
		4E95470A2C9BDFA60047E7A9 /* Debug */ = {
			isa = XCBuildConfiguration;
			buildSettings = {
				ALWAYS_SEARCH_USER_PATHS = NO;
				CLANG_ANALYZER_NONNULL = YES;
				CLANG_ANALYZER_NUMBER_OBJECT_CONVERSION = YES_AGGRESSIVE;
				CLANG_CXX_LANGUAGE_STANDARD = "gnu++20";
				CLANG_ENABLE_MODULES = YES;
				CLANG_ENABLE_OBJC_ARC = YES;
				CLANG_ENABLE_OBJC_WEAK = YES;
				CLANG_WARN_BLOCK_CAPTURE_AUTORELEASING = YES;
				CLANG_WARN_BOOL_CONVERSION = YES;
				CLANG_WARN_COMMA = YES;
				CLANG_WARN_CONSTANT_CONVERSION = YES;
				CLANG_WARN_DEPRECATED_OBJC_IMPLEMENTATIONS = YES;
				CLANG_WARN_DIRECT_OBJC_ISA_USAGE = YES_ERROR;
				CLANG_WARN_DOCUMENTATION_COMMENTS = YES;
				CLANG_WARN_EMPTY_BODY = YES;
				CLANG_WARN_ENUM_CONVERSION = YES;
				CLANG_WARN_INFINITE_RECURSION = YES;
				CLANG_WARN_INT_CONVERSION = YES;
				CLANG_WARN_NON_LITERAL_NULL_CONVERSION = YES;
				CLANG_WARN_OBJC_IMPLICIT_RETAIN_SELF = YES;
				CLANG_WARN_OBJC_LITERAL_CONVERSION = YES;
				CLANG_WARN_OBJC_ROOT_CLASS = YES_ERROR;
				CLANG_WARN_QUOTED_INCLUDE_IN_FRAMEWORK_HEADER = YES;
				CLANG_WARN_RANGE_LOOP_ANALYSIS = YES;
				CLANG_WARN_STRICT_PROTOTYPES = YES;
				CLANG_WARN_SUSPICIOUS_MOVE = YES;
				CLANG_WARN_UNGUARDED_AVAILABILITY = YES_AGGRESSIVE;
				CLANG_WARN_UNREACHABLE_CODE = YES;
				CLANG_WARN__DUPLICATE_METHOD_MATCH = YES;
				COPY_PHASE_STRIP = NO;
				DEBUG_INFORMATION_FORMAT = dwarf;
				ENABLE_STRICT_OBJC_MSGSEND = YES;
				ENABLE_TESTABILITY = YES;
				GCC_C_LANGUAGE_STANDARD = gnu11;
				GCC_DYNAMIC_NO_PIC = NO;
				GCC_NO_COMMON_BLOCKS = YES;
				GCC_OPTIMIZATION_LEVEL = 0;
				GCC_PREPROCESSOR_DEFINITIONS = (
					"DEBUG=1",
					"$(inherited)",
				);
				GCC_WARN_64_TO_32_BIT_CONVERSION = YES;
				GCC_WARN_ABOUT_RETURN_TYPE = YES_ERROR;
				GCC_WARN_UNDECLARED_SELECTOR = YES;
				GCC_WARN_UNINITIALIZED_AUTOS = YES_AGGRESSIVE;
				GCC_WARN_UNUSED_FUNCTION = YES;
				GCC_WARN_UNUSED_VARIABLE = YES;
				IPHONEOS_DEPLOYMENT_TARGET = 16.2;
				MTL_ENABLE_DEBUG_INFO = INCLUDE_SOURCE;
				MTL_FAST_MATH = YES;
				ONLY_ACTIVE_ARCH = YES;
				SDKROOT = iphoneos;
				SWIFT_ACTIVE_COMPILATION_CONDITIONS = DEBUG;
				SWIFT_OPTIMIZATION_LEVEL = "-Onone";
			};
			name = Debug;
		};
		4E95470B2C9BDFA60047E7A9 /* Release */ = {
			isa = XCBuildConfiguration;
			buildSettings = {
				ALWAYS_SEARCH_USER_PATHS = NO;
				CLANG_ANALYZER_NONNULL = YES;
				CLANG_ANALYZER_NUMBER_OBJECT_CONVERSION = YES_AGGRESSIVE;
				CLANG_CXX_LANGUAGE_STANDARD = "gnu++20";
				CLANG_ENABLE_MODULES = YES;
				CLANG_ENABLE_OBJC_ARC = YES;
				CLANG_ENABLE_OBJC_WEAK = YES;
				CLANG_WARN_BLOCK_CAPTURE_AUTORELEASING = YES;
				CLANG_WARN_BOOL_CONVERSION = YES;
				CLANG_WARN_COMMA = YES;
				CLANG_WARN_CONSTANT_CONVERSION = YES;
				CLANG_WARN_DEPRECATED_OBJC_IMPLEMENTATIONS = YES;
				CLANG_WARN_DIRECT_OBJC_ISA_USAGE = YES_ERROR;
				CLANG_WARN_DOCUMENTATION_COMMENTS = YES;
				CLANG_WARN_EMPTY_BODY = YES;
				CLANG_WARN_ENUM_CONVERSION = YES;
				CLANG_WARN_INFINITE_RECURSION = YES;
				CLANG_WARN_INT_CONVERSION = YES;
				CLANG_WARN_NON_LITERAL_NULL_CONVERSION = YES;
				CLANG_WARN_OBJC_IMPLICIT_RETAIN_SELF = YES;
				CLANG_WARN_OBJC_LITERAL_CONVERSION = YES;
				CLANG_WARN_OBJC_ROOT_CLASS = YES_ERROR;
				CLANG_WARN_QUOTED_INCLUDE_IN_FRAMEWORK_HEADER = YES;
				CLANG_WARN_RANGE_LOOP_ANALYSIS = YES;
				CLANG_WARN_STRICT_PROTOTYPES = YES;
				CLANG_WARN_SUSPICIOUS_MOVE = YES;
				CLANG_WARN_UNGUARDED_AVAILABILITY = YES_AGGRESSIVE;
				CLANG_WARN_UNREACHABLE_CODE = YES;
				CLANG_WARN__DUPLICATE_METHOD_MATCH = YES;
				COPY_PHASE_STRIP = NO;
				DEBUG_INFORMATION_FORMAT = "dwarf-with-dsym";
				ENABLE_NS_ASSERTIONS = NO;
				ENABLE_STRICT_OBJC_MSGSEND = YES;
				GCC_C_LANGUAGE_STANDARD = gnu11;
				GCC_NO_COMMON_BLOCKS = YES;
				GCC_WARN_64_TO_32_BIT_CONVERSION = YES;
				GCC_WARN_ABOUT_RETURN_TYPE = YES_ERROR;
				GCC_WARN_UNDECLARED_SELECTOR = YES;
				GCC_WARN_UNINITIALIZED_AUTOS = YES_AGGRESSIVE;
				GCC_WARN_UNUSED_FUNCTION = YES;
				GCC_WARN_UNUSED_VARIABLE = YES;
				IPHONEOS_DEPLOYMENT_TARGET = 16.2;
				MTL_ENABLE_DEBUG_INFO = NO;
				MTL_FAST_MATH = YES;
				SDKROOT = iphoneos;
				SWIFT_COMPILATION_MODE = wholemodule;
				SWIFT_OPTIMIZATION_LEVEL = "-O";
				VALIDATE_PRODUCT = YES;
			};
			name = Release;
		};
		4E95470D2C9BDFA60047E7A9 /* Debug */ = {
			isa = XCBuildConfiguration;
			buildSettings = {
				ASSETCATALOG_COMPILER_APPICON_NAME = AppIcon;
				ASSETCATALOG_COMPILER_GLOBAL_ACCENT_COLOR_NAME = AccentColor;
				CODE_SIGN_STYLE = Automatic;
				CURRENT_PROJECT_VERSION = 1;
				GENERATE_INFOPLIST_FILE = YES;
				INFOPLIST_FILE = NetworkingTest/Info.plist;
				INFOPLIST_KEY_UIApplicationSupportsIndirectInputEvents = YES;
				INFOPLIST_KEY_UILaunchStoryboardName = LaunchScreen;
				INFOPLIST_KEY_UIMainStoryboardFile = Main;
				INFOPLIST_KEY_UISupportedInterfaceOrientations_iPad = "UIInterfaceOrientationPortrait UIInterfaceOrientationPortraitUpsideDown UIInterfaceOrientationLandscapeLeft UIInterfaceOrientationLandscapeRight";
				INFOPLIST_KEY_UISupportedInterfaceOrientations_iPhone = "UIInterfaceOrientationPortrait UIInterfaceOrientationLandscapeLeft UIInterfaceOrientationLandscapeRight";
				LD_RUNPATH_SEARCH_PATHS = (
					"$(inherited)",
					"@executable_path/Frameworks",
				);
				MARKETING_VERSION = 1.0;
				PRODUCT_BUNDLE_IDENTIFIER = com.ivanl.NetworkingTest;
				PRODUCT_NAME = "$(TARGET_NAME)";
				SWIFT_EMIT_LOC_STRINGS = YES;
				SWIFT_VERSION = 5.0;
				TARGETED_DEVICE_FAMILY = "1,2";
			};
			name = Debug;
		};
		4E95470E2C9BDFA60047E7A9 /* Release */ = {
			isa = XCBuildConfiguration;
			buildSettings = {
				ASSETCATALOG_COMPILER_APPICON_NAME = AppIcon;
				ASSETCATALOG_COMPILER_GLOBAL_ACCENT_COLOR_NAME = AccentColor;
				CODE_SIGN_STYLE = Automatic;
				CURRENT_PROJECT_VERSION = 1;
				GENERATE_INFOPLIST_FILE = YES;
				INFOPLIST_FILE = NetworkingTest/Info.plist;
				INFOPLIST_KEY_UIApplicationSupportsIndirectInputEvents = YES;
				INFOPLIST_KEY_UILaunchStoryboardName = LaunchScreen;
				INFOPLIST_KEY_UIMainStoryboardFile = Main;
				INFOPLIST_KEY_UISupportedInterfaceOrientations_iPad = "UIInterfaceOrientationPortrait UIInterfaceOrientationPortraitUpsideDown UIInterfaceOrientationLandscapeLeft UIInterfaceOrientationLandscapeRight";
				INFOPLIST_KEY_UISupportedInterfaceOrientations_iPhone = "UIInterfaceOrientationPortrait UIInterfaceOrientationLandscapeLeft UIInterfaceOrientationLandscapeRight";
				LD_RUNPATH_SEARCH_PATHS = (
					"$(inherited)",
					"@executable_path/Frameworks",
				);
				MARKETING_VERSION = 1.0;
				PRODUCT_BUNDLE_IDENTIFIER = com.ivanl.NetworkingTest;
				PRODUCT_NAME = "$(TARGET_NAME)";
				SWIFT_EMIT_LOC_STRINGS = YES;
				SWIFT_VERSION = 5.0;
				TARGETED_DEVICE_FAMILY = "1,2";
			};
			name = Release;
		};
		4E9547102C9BDFA60047E7A9 /* Debug */ = {
			isa = XCBuildConfiguration;
			buildSettings = {
				ALWAYS_EMBED_SWIFT_STANDARD_LIBRARIES = YES;
				BUNDLE_LOADER = "$(TEST_HOST)";
				CODE_SIGN_STYLE = Automatic;
				CURRENT_PROJECT_VERSION = 1;
				GENERATE_INFOPLIST_FILE = YES;
				IPHONEOS_DEPLOYMENT_TARGET = 16.2;
				MARKETING_VERSION = 1.0;
				PRODUCT_BUNDLE_IDENTIFIER = com.ivanl.NetworkingTestTests;
				PRODUCT_NAME = "$(TARGET_NAME)";
				SWIFT_EMIT_LOC_STRINGS = NO;
				SWIFT_VERSION = 5.0;
				TARGETED_DEVICE_FAMILY = "1,2";
				TEST_HOST = "$(BUILT_PRODUCTS_DIR)/NetworkingTest.app/$(BUNDLE_EXECUTABLE_FOLDER_PATH)/NetworkingTest";
			};
			name = Debug;
		};
		4E9547112C9BDFA60047E7A9 /* Release */ = {
			isa = XCBuildConfiguration;
			buildSettings = {
				ALWAYS_EMBED_SWIFT_STANDARD_LIBRARIES = YES;
				BUNDLE_LOADER = "$(TEST_HOST)";
				CODE_SIGN_STYLE = Automatic;
				CURRENT_PROJECT_VERSION = 1;
				GENERATE_INFOPLIST_FILE = YES;
				IPHONEOS_DEPLOYMENT_TARGET = 16.2;
				MARKETING_VERSION = 1.0;
				PRODUCT_BUNDLE_IDENTIFIER = com.ivanl.NetworkingTestTests;
				PRODUCT_NAME = "$(TARGET_NAME)";
				SWIFT_EMIT_LOC_STRINGS = NO;
				SWIFT_VERSION = 5.0;
				TARGETED_DEVICE_FAMILY = "1,2";
				TEST_HOST = "$(BUILT_PRODUCTS_DIR)/NetworkingTest.app/$(BUNDLE_EXECUTABLE_FOLDER_PATH)/NetworkingTest";
			};
			name = Release;
		};
		4E9547132C9BDFA60047E7A9 /* Debug */ = {
			isa = XCBuildConfiguration;
			buildSettings = {
				ALWAYS_EMBED_SWIFT_STANDARD_LIBRARIES = YES;
				CODE_SIGN_STYLE = Automatic;
				CURRENT_PROJECT_VERSION = 1;
				GENERATE_INFOPLIST_FILE = YES;
				MARKETING_VERSION = 1.0;
				PRODUCT_BUNDLE_IDENTIFIER = com.ivanl.NetworkingTestUITests;
				PRODUCT_NAME = "$(TARGET_NAME)";
				SWIFT_EMIT_LOC_STRINGS = NO;
				SWIFT_VERSION = 5.0;
				TARGETED_DEVICE_FAMILY = "1,2";
				TEST_TARGET_NAME = NetworkingTest;
			};
			name = Debug;
		};
		4E9547142C9BDFA60047E7A9 /* Release */ = {
			isa = XCBuildConfiguration;
			buildSettings = {
				ALWAYS_EMBED_SWIFT_STANDARD_LIBRARIES = YES;
				CODE_SIGN_STYLE = Automatic;
				CURRENT_PROJECT_VERSION = 1;
				GENERATE_INFOPLIST_FILE = YES;
				MARKETING_VERSION = 1.0;
				PRODUCT_BUNDLE_IDENTIFIER = com.ivanl.NetworkingTestUITests;
				PRODUCT_NAME = "$(TARGET_NAME)";
				SWIFT_EMIT_LOC_STRINGS = NO;
				SWIFT_VERSION = 5.0;
				TARGETED_DEVICE_FAMILY = "1,2";
				TEST_TARGET_NAME = NetworkingTest;
			};
			name = Release;
		};
/* End XCBuildConfiguration section */

/* Begin XCConfigurationList section */
		4E9546DD2C9BDFA50047E7A9 /* Build configuration list for PBXProject "NetworkingTest" */ = {
			isa = XCConfigurationList;
			buildConfigurations = (
				4E95470A2C9BDFA60047E7A9 /* Debug */,
				4E95470B2C9BDFA60047E7A9 /* Release */,
			);
			defaultConfigurationIsVisible = 0;
			defaultConfigurationName = Release;
		};
		4E95470C2C9BDFA60047E7A9 /* Build configuration list for PBXNativeTarget "NetworkingTest" */ = {
			isa = XCConfigurationList;
			buildConfigurations = (
				4E95470D2C9BDFA60047E7A9 /* Debug */,
				4E95470E2C9BDFA60047E7A9 /* Release */,
			);
			defaultConfigurationIsVisible = 0;
			defaultConfigurationName = Release;
		};
		4E95470F2C9BDFA60047E7A9 /* Build configuration list for PBXNativeTarget "NetworkingTestTests" */ = {
			isa = XCConfigurationList;
			buildConfigurations = (
				4E9547102C9BDFA60047E7A9 /* Debug */,
				4E9547112C9BDFA60047E7A9 /* Release */,
			);
			defaultConfigurationIsVisible = 0;
			defaultConfigurationName = Release;
		};
		4E9547122C9BDFA60047E7A9 /* Build configuration list for PBXNativeTarget "NetworkingTestUITests" */ = {
			isa = XCConfigurationList;
			buildConfigurations = (
				4E9547132C9BDFA60047E7A9 /* Debug */,
				4E9547142C9BDFA60047E7A9 /* Release */,
			);
			defaultConfigurationIsVisible = 0;
			defaultConfigurationName = Release;
		};
/* End XCConfigurationList section */
	};
	rootObject = 4E9546DA2C9BDFA50047E7A9 /* Project object */;
}
